<?xml version="1.0" encoding="UTF-8"?>
<Scheme
   version = "1.3">
   <BuildAction>
      <BuildActionEntries>
         <BuildActionEntry
            buildForRunning = "YES">
            <BuildableReference
               BuildableIdentifier = "primary"
               BlueprintIdentifier = "389BA5BF789F82FEA0E54696"
               BuildableName = "opencv_test"
               BlueprintName = "opencv_test"
               ReferencedContainer = "container:opencv_test.xcodeproj">
            </BuildableReference>
         </BuildActionEntry>
      </BuildActionEntries>
   </BuildAction>
   <LaunchAction
      useCustomWorkingDirectory = "YES"
      buildConfiguration = "Debug"
      customWorkingDirectory = "/Users/yjfu/opencv_test">
      <BuildableProductRunnable>
         <BuildableReference
            BuildableIdentifier = "primary"
            BlueprintIdentifier = "389BA5BF789F82FEA0E54696"
            BuildableName = "opencv_test"
            BlueprintName = "opencv_test"
            ReferencedContainer = "container:opencv_test.xcodeproj">
         </BuildableReference>
      </BuildableProductRunnable>
   </LaunchAction>
</Scheme>
